// !$*UTF8*$!
{
	archiveVersion = 1;
	classes = {
	};
	objectVersion = 50;
	objects = {

/* Begin PBXBuildFile section */
		E55AA9372691B78E00595C01 /* main.m in Sources */ = {isa = PBXBuildFile; fileRef = E55AA9362691B78E00595C01 /* main.m */; };
		E55AA9432691C20000595C01 /* CheckError.m in Sources */ = {isa = PBXBuildFile; fileRef = E55AA9422691C20000595C01 /* CheckError.m */; };
		E55AA948269202E300595C01 /* NSPrint.m in Sources */ = {isa = PBXBuildFile; fileRef = E55AA947269202E300595C01 /* NSPrint.m */; };
		E55AA94D2692035800595C01 /* OpenAudioFile.m in Sources */ = {isa = PBXBuildFile; fileRef = E55AA94C2692035800595C01 /* OpenAudioFile.m */; };
		E55AA951269203C300595C01 /* CharPointerFilenameToNSURLp.m in Sources */ = {isa = PBXBuildFile; fileRef = E55AA950269203C300595C01 /* CharPointerFilenameToNSURLp.m */; };
		E55AA9582692065F00595C01 /* GetAudioFileAudioStreamBasicDescription.m in Sources */ = {isa = PBXBuildFile; fileRef = E55AA9572692065F00595C01 /* GetAudioFileAudioStreamBasicDescription.m */; };
		E55AA95F2692C02E00595C01 /* GetNumberOfPackets.m in Sources */ = {isa = PBXBuildFile; fileRef = E55AA95E2692C02E00595C01 /* GetNumberOfPackets.m */; };
		E55AA9642692C5B000595C01 /* PrintAudioStreamBasicDescription.m in Sources */ = {isa = PBXBuildFile; fileRef = E55AA9632692C5B000595C01 /* PrintAudioStreamBasicDescription.m */; };
		E55AA9692692D70100595C01 /* PrintAudioFileDictionary.m in Sources */ = {isa = PBXBuildFile; fileRef = E55AA9682692D70100595C01 /* PrintAudioFileDictionary.m */; };
		E55AA96D2692D71B00595C01 /* GetAudioFilePropertyInfoDictionary.m in Sources */ = {isa = PBXBuildFile; fileRef = E55AA96C2692D71B00595C01 /* GetAudioFilePropertyInfoDictionary.m */; };
		E55AA9722692DD7900595C01 /* StopAudioUnitGraphPlayingBack.m in Sources */ = {isa = PBXBuildFile; fileRef = E55AA9712692DD7900595C01 /* StopAudioUnitGraphPlayingBack.m */; };
/* End PBXBuildFile section */

/* Begin PBXCopyFilesBuildPhase section */
		E55AA9312691B78D00595C01 /* CopyFiles */ = {
			isa = PBXCopyFilesBuildPhase;
			buildActionMask = 2147483647;
			dstPath = /usr/share/man/man1/;
			dstSubfolderSpec = 0;
			files = (
			);
			runOnlyForDeploymentPostprocessing = 1;
		};
/* End PBXCopyFilesBuildPhase section */

/* Begin PBXFileReference section */
		E55AA9332691B78E00595C01 /* AudioUnitsTutorial1 */ = {isa = PBXFileReference; explicitFileType = "compiled.mach-o.executable"; includeInIndex = 0; path = AudioUnitsTutorial1; sourceTree = BUILT_PRODUCTS_DIR; };
		E55AA9362691B78E00595C01 /* main.m */ = {isa = PBXFileReference; lastKnownFileType = sourcecode.c.objc; path = main.m; sourceTree = "<group>"; };
		E55AA93E2691BE4E00595C01 /* MyAUGraphPlayer.h */ = {isa = PBXFileReference; lastKnownFileType = sourcecode.c.h; path = MyAUGraphPlayer.h; sourceTree = "<group>"; };
		E55AA9422691C20000595C01 /* CheckError.m */ = {isa = PBXFileReference; lastKnownFileType = sourcecode.c.objc; path = CheckError.m; sourceTree = "<group>"; };
		E55AA9462691C25900595C01 /* CheckError.h */ = {isa = PBXFileReference; lastKnownFileType = sourcecode.c.h; path = CheckError.h; sourceTree = "<group>"; };
		E55AA947269202E300595C01 /* NSPrint.m */ = {isa = PBXFileReference; lastKnownFileType = sourcecode.c.objc; path = NSPrint.m; sourceTree = "<group>"; };
		E55AA94A2692030100595C01 /* NSPrint.h */ = {isa = PBXFileReference; lastKnownFileType = sourcecode.c.h; path = NSPrint.h; sourceTree = "<group>"; };
		E55AA94C2692035800595C01 /* OpenAudioFile.m */ = {isa = PBXFileReference; lastKnownFileType = sourcecode.c.objc; path = OpenAudioFile.m; sourceTree = "<group>"; };
		E55AA94F2692038B00595C01 /* OpenAudioFile.h */ = {isa = PBXFileReference; lastKnownFileType = sourcecode.c.h; path = OpenAudioFile.h; sourceTree = "<group>"; };
		E55AA950269203C300595C01 /* CharPointerFilenameToNSURLp.m */ = {isa = PBXFileReference; lastKnownFileType = sourcecode.c.objc; path = CharPointerFilenameToNSURLp.m; sourceTree = "<group>"; };
		E55AA954269203E200595C01 /* CharPointerFilenameToNSURLp.h */ = {isa = PBXFileReference; lastKnownFileType = sourcecode.c.h; path = CharPointerFilenameToNSURLp.h; sourceTree = "<group>"; };
		E55AA9572692065F00595C01 /* GetAudioFileAudioStreamBasicDescription.m */ = {isa = PBXFileReference; lastKnownFileType = sourcecode.c.objc; path = GetAudioFileAudioStreamBasicDescription.m; sourceTree = "<group>"; };
		E55AA95A2692067A00595C01 /* GetAudioFileAudioStreamBasicDescription.h */ = {isa = PBXFileReference; lastKnownFileType = sourcecode.c.h; path = GetAudioFileAudioStreamBasicDescription.h; sourceTree = "<group>"; };
		E55AA95E2692C02E00595C01 /* GetNumberOfPackets.m */ = {isa = PBXFileReference; lastKnownFileType = sourcecode.c.objc; path = GetNumberOfPackets.m; sourceTree = "<group>"; };
		E55AA9612692C03A00595C01 /* GetNumberOfPackets.h */ = {isa = PBXFileReference; lastKnownFileType = sourcecode.c.h; path = GetNumberOfPackets.h; sourceTree = "<group>"; };
		E55AA9632692C5B000595C01 /* PrintAudioStreamBasicDescription.m */ = {isa = PBXFileReference; fileEncoding = 4; lastKnownFileType = sourcecode.c.objc; path = PrintAudioStreamBasicDescription.m; sourceTree = "<group>"; };
		E55AA9662692C5BD00595C01 /* PrintAudioStreamBasicDescription.h */ = {isa = PBXFileReference; lastKnownFileType = sourcecode.c.h; path = PrintAudioStreamBasicDescription.h; sourceTree = "<group>"; };
		E55AA9682692D70100595C01 /* PrintAudioFileDictionary.m */ = {isa = PBXFileReference; fileEncoding = 4; lastKnownFileType = sourcecode.c.objc; path = PrintAudioFileDictionary.m; sourceTree = "<group>"; };
		E55AA96B2692D70C00595C01 /* PrintAudioFileDictionary.h */ = {isa = PBXFileReference; lastKnownFileType = sourcecode.c.h; path = PrintAudioFileDictionary.h; sourceTree = "<group>"; };
		E55AA96C2692D71B00595C01 /* GetAudioFilePropertyInfoDictionary.m */ = {isa = PBXFileReference; fileEncoding = 4; lastKnownFileType = sourcecode.c.objc; path = GetAudioFilePropertyInfoDictionary.m; sourceTree = "<group>"; };
		E55AA96F2692D72600595C01 /* GetAudioFilePropertyInfoDictionary.h */ = {isa = PBXFileReference; lastKnownFileType = sourcecode.c.h; path = GetAudioFilePropertyInfoDictionary.h; sourceTree = "<group>"; };
		E55AA9712692DD7900595C01 /* StopAudioUnitGraphPlayingBack.m */ = {isa = PBXFileReference; lastKnownFileType = sourcecode.c.objc; path = StopAudioUnitGraphPlayingBack.m; sourceTree = "<group>"; };
		E55AA9742692DDC800595C01 /* StopAudioUnitGraphPlayingBack.h */ = {isa = PBXFileReference; lastKnownFileType = sourcecode.c.h; path = StopAudioUnitGraphPlayingBack.h; sourceTree = "<group>"; };
/* End PBXFileReference section */

/* Begin PBXFrameworksBuildPhase section */
		E55AA9302691B78D00595C01 /* Frameworks */ = {
			isa = PBXFrameworksBuildPhase;
			buildActionMask = 2147483647;
			files = (
			);
			runOnlyForDeploymentPostprocessing = 0;
		};
/* End PBXFrameworksBuildPhase section */

/* Begin PBXGroup section */
		E55AA92A2691B78D00595C01 = {
			isa = PBXGroup;
			children = (
				E55AA9352691B78E00595C01 /* AudioUnitsTutorial1 */,
				E55AA9342691B78E00595C01 /* Products */,
			);
			sourceTree = "<group>";
		};
		E55AA9342691B78E00595C01 /* Products */ = {
			isa = PBXGroup;
			children = (
				E55AA9332691B78E00595C01 /* AudioUnitsTutorial1 */,
			);
			name = Products;
			sourceTree = "<group>";
		};
		E55AA9352691B78E00595C01 /* AudioUnitsTutorial1 */ = {
			isa = PBXGroup;
			children = (
				E55AA94B2692034800595C01 /* AudioUtils */,
				E55AA9412691C1E100595C01 /* Utils */,
				E55AA9362691B78E00595C01 /* main.m */,
				E55AA93E2691BE4E00595C01 /* MyAUGraphPlayer.h */,
			);
			path = AudioUnitsTutorial1;
			sourceTree = "<group>";
		};
		E55AA9412691C1E100595C01 /* Utils */ = {
			isa = PBXGroup;
			children = (
				E55AA9422691C20000595C01 /* CheckError.m */,
				E55AA9462691C25900595C01 /* CheckError.h */,
				E55AA947269202E300595C01 /* NSPrint.m */,
				E55AA94A2692030100595C01 /* NSPrint.h */,
				E55AA950269203C300595C01 /* CharPointerFilenameToNSURLp.m */,
				E55AA954269203E200595C01 /* CharPointerFilenameToNSURLp.h */,
			);
			path = Utils;
			sourceTree = "<group>";
		};
		E55AA94B2692034800595C01 /* AudioUtils */ = {
			isa = PBXGroup;
			children = (
				E55AA96F2692D72600595C01 /* GetAudioFilePropertyInfoDictionary.h */,
				E55AA96C2692D71B00595C01 /* GetAudioFilePropertyInfoDictionary.m */,
				E55AA95C269208E700595C01 /* PrintUtils */,
				E55AA94C2692035800595C01 /* OpenAudioFile.m */,
				E55AA94F2692038B00595C01 /* OpenAudioFile.h */,
				E55AA9572692065F00595C01 /* GetAudioFileAudioStreamBasicDescription.m */,
				E55AA95A2692067A00595C01 /* GetAudioFileAudioStreamBasicDescription.h */,
				E55AA95E2692C02E00595C01 /* GetNumberOfPackets.m */,
				E55AA9612692C03A00595C01 /* GetNumberOfPackets.h */,
				E55AA9712692DD7900595C01 /* StopAudioUnitGraphPlayingBack.m */,
				E55AA9742692DDC800595C01 /* StopAudioUnitGraphPlayingBack.h */,
			);
			path = AudioUtils;
			sourceTree = "<group>";
		};
		E55AA95C269208E700595C01 /* PrintUtils */ = {
			isa = PBXGroup;
			children = (
				E55AA96B2692D70C00595C01 /* PrintAudioFileDictionary.h */,
				E55AA9682692D70100595C01 /* PrintAudioFileDictionary.m */,
				E55AA9662692C5BD00595C01 /* PrintAudioStreamBasicDescription.h */,
				E55AA9632692C5B000595C01 /* PrintAudioStreamBasicDescription.m */,
			);
			path = PrintUtils;
			sourceTree = "<group>";
		};
/* End PBXGroup section */

/* Begin PBXNativeTarget section */
		E55AA9322691B78D00595C01 /* AudioUnitsTutorial1 */ = {
			isa = PBXNativeTarget;
			buildConfigurationList = E55AA93A2691B78E00595C01 /* Build configuration list for PBXNativeTarget "AudioUnitsTutorial1" */;
			buildPhases = (
				E55AA92F2691B78D00595C01 /* Sources */,
				E55AA9302691B78D00595C01 /* Frameworks */,
				E55AA9312691B78D00595C01 /* CopyFiles */,
			);
			buildRules = (
			);
			dependencies = (
			);
			name = AudioUnitsTutorial1;
			productName = AudioUnitsTutorial1;
			productReference = E55AA9332691B78E00595C01 /* AudioUnitsTutorial1 */;
			productType = "com.apple.product-type.tool";
		};
/* End PBXNativeTarget section */

/* Begin PBXProject section */
		E55AA92B2691B78D00595C01 /* Project object */ = {
			isa = PBXProject;
			attributes = {
				LastUpgradeCheck = 1240;
				TargetAttributes = {
					E55AA9322691B78D00595C01 = {
						CreatedOnToolsVersion = 12.4;
					};
				};
			};
			buildConfigurationList = E55AA92E2691B78D00595C01 /* Build configuration list for PBXProject "AudioUnitsTutorial1" */;
			compatibilityVersion = "Xcode 9.3";
			developmentRegion = en;
			hasScannedForEncodings = 0;
			knownRegions = (
				en,
				Base,
			);
			mainGroup = E55AA92A2691B78D00595C01;
			productRefGroup = E55AA9342691B78E00595C01 /* Products */;
			projectDirPath = "";
			projectRoot = "";
			targets = (
				E55AA9322691B78D00595C01 /* AudioUnitsTutorial1 */,
			);
		};
/* End PBXProject section */

/* Begin PBXSourcesBuildPhase section */
		E55AA92F2691B78D00595C01 /* Sources */ = {
			isa = PBXSourcesBuildPhase;
			buildActionMask = 2147483647;
			files = (
				E55AA96D2692D71B00595C01 /* GetAudioFilePropertyInfoDictionary.m in Sources */,
				E55AA9692692D70100595C01 /* PrintAudioFileDictionary.m in Sources */,
				E55AA951269203C300595C01 /* CharPointerFilenameToNSURLp.m in Sources */,
				E55AA9372691B78E00595C01 /* main.m in Sources */,
				E55AA95F2692C02E00595C01 /* GetNumberOfPackets.m in Sources */,
				E55AA9432691C20000595C01 /* CheckError.m in Sources */,
				E55AA9722692DD7900595C01 /* StopAudioUnitGraphPlayingBack.m in Sources */,
				E55AA94D2692035800595C01 /* OpenAudioFile.m in Sources */,
				E55AA9582692065F00595C01 /* GetAudioFileAudioStreamBasicDescription.m in Sources */,
				E55AA9642692C5B000595C01 /* PrintAudioStreamBasicDescription.m in Sources */,
				E55AA948269202E300595C01 /* NSPrint.m in Sources */,
			);
			runOnlyForDeploymentPostprocessing = 0;
		};
/* End PBXSourcesBuildPhase section */

/* Begin XCBuildConfiguration section */
		E55AA9382691B78E00595C01 /* Debug */ = {
			isa = XCBuildConfiguration;
			buildSettings = {
				ALWAYS_SEARCH_USER_PATHS = NO;
				CLANG_ANALYZER_NONNULL = YES;
				CLANG_ANALYZER_NUMBER_OBJECT_CONVERSION = YES_AGGRESSIVE;
				CLANG_CXX_LANGUAGE_STANDARD = "gnu++14";
				CLANG_CXX_LIBRARY = "libc++";
				CLANG_ENABLE_MODULES = YES;
				CLANG_ENABLE_OBJC_ARC = YES;
				CLANG_ENABLE_OBJC_WEAK = YES;
				CLANG_WARN_BLOCK_CAPTURE_AUTORELEASING = YES;
				CLANG_WARN_BOOL_CONVERSION = YES;
				CLANG_WARN_COMMA = YES;
				CLANG_WARN_CONSTANT_CONVERSION = YES;
				CLANG_WARN_DEPRECATED_OBJC_IMPLEMENTATIONS = YES;
				CLANG_WARN_DIRECT_OBJC_ISA_USAGE = YES_ERROR;
				CLANG_WARN_DOCUMENTATION_COMMENTS = YES;
				CLANG_WARN_EMPTY_BODY = YES;
				CLANG_WARN_ENUM_CONVERSION = YES;
				CLANG_WARN_INFINITE_RECURSION = YES;
				CLANG_WARN_INT_CONVERSION = YES;
				CLANG_WARN_NON_LITERAL_NULL_CONVERSION = YES;
				CLANG_WARN_OBJC_IMPLICIT_RETAIN_SELF = YES;
				CLANG_WARN_OBJC_LITERAL_CONVERSION = YES;
				CLANG_WARN_OBJC_ROOT_CLASS = YES_ERROR;
				CLANG_WARN_QUOTED_INCLUDE_IN_FRAMEWORK_HEADER = YES;
				CLANG_WARN_RANGE_LOOP_ANALYSIS = YES;
				CLANG_WARN_STRICT_PROTOTYPES = YES;
				CLANG_WARN_SUSPICIOUS_MOVE = YES;
				CLANG_WARN_UNGUARDED_AVAILABILITY = YES_AGGRESSIVE;
				CLANG_WARN_UNREACHABLE_CODE = YES;
				CLANG_WARN__DUPLICATE_METHOD_MATCH = YES;
				COPY_PHASE_STRIP = NO;
				DEBUG_INFORMATION_FORMAT = dwarf;
				ENABLE_STRICT_OBJC_MSGSEND = YES;
				ENABLE_TESTABILITY = YES;
				GCC_C_LANGUAGE_STANDARD = gnu11;
				GCC_DYNAMIC_NO_PIC = NO;
				GCC_NO_COMMON_BLOCKS = YES;
				GCC_OPTIMIZATION_LEVEL = 0;
				GCC_PREPROCESSOR_DEFINITIONS = (
					"DEBUG=1",
					"$(inherited)",
				);
				GCC_WARN_64_TO_32_BIT_CONVERSION = YES;
				GCC_WARN_ABOUT_RETURN_TYPE = YES_ERROR;
				GCC_WARN_UNDECLARED_SELECTOR = YES;
				GCC_WARN_UNINITIALIZED_AUTOS = YES_AGGRESSIVE;
				GCC_WARN_UNUSED_FUNCTION = YES;
				GCC_WARN_UNUSED_VARIABLE = YES;
				MACOSX_DEPLOYMENT_TARGET = 10.15;
				MTL_ENABLE_DEBUG_INFO = INCLUDE_SOURCE;
				MTL_FAST_MATH = YES;
				ONLY_ACTIVE_ARCH = YES;
				SDKROOT = macosx;
			};
			name = Debug;
		};
		E55AA9392691B78E00595C01 /* Release */ = {
			isa = XCBuildConfiguration;
			buildSettings = {
				ALWAYS_SEARCH_USER_PATHS = NO;
				CLANG_ANALYZER_NONNULL = YES;
				CLANG_ANALYZER_NUMBER_OBJECT_CONVERSION = YES_AGGRESSIVE;
				CLANG_CXX_LANGUAGE_STANDARD = "gnu++14";
				CLANG_CXX_LIBRARY = "libc++";
				CLANG_ENABLE_MODULES = YES;
				CLANG_ENABLE_OBJC_ARC = YES;
				CLANG_ENABLE_OBJC_WEAK = YES;
				CLANG_WARN_BLOCK_CAPTURE_AUTORELEASING = YES;
				CLANG_WARN_BOOL_CONVERSION = YES;
				CLANG_WARN_COMMA = YES;
				CLANG_WARN_CONSTANT_CONVERSION = YES;
				CLANG_WARN_DEPRECATED_OBJC_IMPLEMENTATIONS = YES;
				CLANG_WARN_DIRECT_OBJC_ISA_USAGE = YES_ERROR;
				CLANG_WARN_DOCUMENTATION_COMMENTS = YES;
				CLANG_WARN_EMPTY_BODY = YES;
				CLANG_WARN_ENUM_CONVERSION = YES;
				CLANG_WARN_INFINITE_RECURSION = YES;
				CLANG_WARN_INT_CONVERSION = YES;
				CLANG_WARN_NON_LITERAL_NULL_CONVERSION = YES;
				CLANG_WARN_OBJC_IMPLICIT_RETAIN_SELF = YES;
				CLANG_WARN_OBJC_LITERAL_CONVERSION = YES;
				CLANG_WARN_OBJC_ROOT_CLASS = YES_ERROR;
				CLANG_WARN_QUOTED_INCLUDE_IN_FRAMEWORK_HEADER = YES;
				CLANG_WARN_RANGE_LOOP_ANALYSIS = YES;
				CLANG_WARN_STRICT_PROTOTYPES = YES;
				CLANG_WARN_SUSPICIOUS_MOVE = YES;
				CLANG_WARN_UNGUARDED_AVAILABILITY = YES_AGGRESSIVE;
				CLANG_WARN_UNREACHABLE_CODE = YES;
				CLANG_WARN__DUPLICATE_METHOD_MATCH = YES;
				COPY_PHASE_STRIP = NO;
				DEBUG_INFORMATION_FORMAT = "dwarf-with-dsym";
				ENABLE_NS_ASSERTIONS = NO;
				ENABLE_STRICT_OBJC_MSGSEND = YES;
				GCC_C_LANGUAGE_STANDARD = gnu11;
				GCC_NO_COMMON_BLOCKS = YES;
				GCC_WARN_64_TO_32_BIT_CONVERSION = YES;
				GCC_WARN_ABOUT_RETURN_TYPE = YES_ERROR;
				GCC_WARN_UNDECLARED_SELECTOR = YES;
				GCC_WARN_UNINITIALIZED_AUTOS = YES_AGGRESSIVE;
				GCC_WARN_UNUSED_FUNCTION = YES;
				GCC_WARN_UNUSED_VARIABLE = YES;
				MACOSX_DEPLOYMENT_TARGET = 10.15;
				MTL_ENABLE_DEBUG_INFO = NO;
				MTL_FAST_MATH = YES;
				SDKROOT = macosx;
			};
			name = Release;
		};
		E55AA93B2691B78E00595C01 /* Debug */ = {
			isa = XCBuildConfiguration;
			buildSettings = {
				CODE_SIGN_STYLE = Automatic;
				DEVELOPMENT_TEAM = 6EA52N78QZ;
				ENABLE_HARDENED_RUNTIME = YES;
				PRODUCT_NAME = "$(TARGET_NAME)";
			};
			name = Debug;
		};
		E55AA93C2691B78E00595C01 /* Release */ = {
			isa = XCBuildConfiguration;
			buildSettings = {
				CODE_SIGN_STYLE = Automatic;
				DEVELOPMENT_TEAM = 6EA52N78QZ;
				ENABLE_HARDENED_RUNTIME = YES;
				PRODUCT_NAME = "$(TARGET_NAME)";
			};
			name = Release;
		};
/* End XCBuildConfiguration section */

/* Begin XCConfigurationList section */
		E55AA92E2691B78D00595C01 /* Build configuration list for PBXProject "AudioUnitsTutorial1" */ = {
			isa = XCConfigurationList;
			buildConfigurations = (
				E55AA9382691B78E00595C01 /* Debug */,
				E55AA9392691B78E00595C01 /* Release */,
			);
			defaultConfigurationIsVisible = 0;
			defaultConfigurationName = Release;
		};
		E55AA93A2691B78E00595C01 /* Build configuration list for PBXNativeTarget "AudioUnitsTutorial1" */ = {
			isa = XCConfigurationList;
			buildConfigurations = (
				E55AA93B2691B78E00595C01 /* Debug */,
				E55AA93C2691B78E00595C01 /* Release */,
			);
			defaultConfigurationIsVisible = 0;
			defaultConfigurationName = Release;
		};
/* End XCConfigurationList section */
	};
	rootObject = E55AA92B2691B78D00595C01 /* Project object */;
}
